{
  "name": "dis-listener-js",
  "version": "1.0.0",
  "lockfileVersion": 3,
  "requires": true,
  "packages": {
    "": {
      "name": "dis-listener-js",
      "version": "1.0.0",
      "license": "ISC",
      "dependencies": {
        "open-dis-js": "file:../open-dis-js"
      },
      "devDependencies": {}
    },
    "../open-dis-js": {
      "name": "open-dis",
      "version": "2.0.0",
      "license": "BSD-2-Clause",
      "devDependencies": {
        "eslint": "^9.17.0",
        "typescript": "^5.7.2"
      },
      "engines": {
        "node": ">=22"
      }
    },
    "node_modules/open-dis-js": {
      "resolved": "../open-dis-js",
      "link": true
    }
  }
}
